version 0.2.1
fa02d83c3b9b0f65f7c76865ac14afe5a93ea3bbba6e1bb6d8cb3417cbe78032  .claude/agents/acceptance-test-writer.md
d207a88da0261c660249461bfdb7fb7eebc1bdbd0200cb14092d7fccb6acd40a  .claude/agents/r5-runner.md
059467a07a3ce282038f19a1e4af2e2a0d13a8b50e1858faf0f61499af5a7572  .claude/agents/spec-design-reviewer.md
90afbe2900342178b818e98882155cf9981df56d3966b27d7f9d87e7839f55d6  .claude/commands/review.md
0efb2ec2d959cd0ceeaf1854a32ee6e98eb0ad9ad87c2d70d954b9eaf7c6ab02  .claude/commands/spec.md
7065988977b8493bc348c095b4ad698f090dcc61016b959ede3bb8418ef6e693  .claude/rules/process.md
d2bdbe62e9d0310bbe56de8124a89c3a929274fed7babaa0ef5e6f8ad72c6e9d  .githooks/pre-push
e0faab4c4fa0283562e0abb95ae9ed44dc31f852a8a93866b19511352bcaf227  .github/workflows/process.yml
4398681c04154afd31b4f5d371c93ee938870ac51a40d6221771c5769c92a314  docs/process/escalation.md
78049d601aecf38d2f27f24c325c389a5347bd41c4b0dd96ef1e97e0568fc7e4  docs/process/limitations.md
1da1be891dbea50b09973940833c4b6c795a89133764e18f4efee2db746f19f5  docs/process/principles.md
0c1e8a3b481dd72805671850c2a6a61ed8e0db899709f5b2994a59cbbb543c42  docs/process/prohibited.md
d841ecce5b0028ee6f7ccb7c6675b3e99902027aa1eb8b754e6242da0564a8c7  docs/process/review.md
276e574c266af9616957795dba6c8c78735bbbf7c2f1ce9994cf0a89fc475973  docs/process/risk-and-human-review.md
e8c9065ef0938146093c4b526539f58face734e94c27ce4bbe0bba2c3ac761d0  docs/process/spec-and-design.md
8821393ef96610e09bc1906b7549e1f9bc95cd2462b0ea1d0cf0b5680aae4b88  docs/process/testing-and-comments.md
97437804beb4a3ed7d88990206bf57fc0405a31f644f2e065c7615c33c0f665a  docs/process/workflow.md
ff9ef452603d5bc131dafc1982fa870bb9c3c82fc9f9e39a520751291441cba4  scripts/process/check-traceability.sh
6d1bfaede3e80036e829b2dbfee040228dfb8a608cc6e790f5d5cdaf0ba2a184  scripts/process/ci-report.sh
9c0fd965daa62652cc98116886db09d7944befc6ef9ffff89b9666300b081e55  scripts/process/classify-risk.sh
96dbb69e188f663e641e9cf55c7c449065de79a5b6ac8b025c276be73bd15b3b  scripts/process/merge-reviews.sh
9337c7f7ee670f07f705435963ae48bcdbb54a8d74dab93abf021f5403994cc9  scripts/process/precheck.sh
d9a3e7122da3438a8a6e3fbe88c2b89a0b004bed768e7193e4e8f27e2d9c5d16  scripts/process/prompts/read.md
e0516069eff6c55509af473638a32594345a8614561704a72bb5b6f0c7406a6e  scripts/process/prompts/verify.md
b7db2f7d56a91319b4ff0ea3155aec14b47114dee7735c0e40fb47520b3d5cda  scripts/process/render-triage.sh
f02e9294097c19eee41c1ae8a1d7ab3863e0d8d89345a91e20410e7812853c21  scripts/process/review-result.schema.json
ddf59a7b5e6e55bf57bc8de2de96c9f3f5d0b23996c5837e994437d96524d2b9  scripts/process/review.sh
b56306bfea77daa6dbaf7b720535a2dd8ba582592ad9b8a0da55b5ba9bd1d452  scripts/process/secret-scan.sh
baa17caaad0f57055c197299703ed253b2075e9a2c338ca082747f4d88ea1503  scripts/process/validate-artifact.sh
