// !$*UTF8*$!
{
	archiveVersion = 1;
	classes = {
	};
	objectVersion = 77;
	objects = {

/* Begin PBXContainerItemProxy section */
		AA00000000000000000018 /* PBXContainerItemProxy */ = {
			isa = PBXContainerItemProxy;
			containerPortal = AA00000000000000000001 /* Project object */;
			proxyType = 1;
			remoteGlobalIDString = AA00000000000000000004;
			remoteInfo = Litloft;
		};
/* End PBXContainerItemProxy section */

/* Begin PBXFileReference section */
		AA00000000000000000005 /* Litloft.app */ = {isa = PBXFileReference; explicitFileType = wrapper.application; includeInIndex = 0; path = Litloft.app; sourceTree = BUILT_PRODUCTS_DIR; };
		AA00000000000000000010 /* Litloft-Info.plist */ = {isa = PBXFileReference; lastKnownFileType = text.plist.xml; path = "Litloft-Info.plist"; sourceTree = "<group>"; };
		AA00000000000000000012 /* LitloftTests.xctest */ = {isa = PBXFileReference; explicitFileType = wrapper.cfbundle; includeInIndex = 0; path = LitloftTests.xctest; sourceTree = BUILT_PRODUCTS_DIR; };
		AA00000000000000000020 /* Shared.xcconfig */ = {isa = PBXFileReference; lastKnownFileType = text.xcconfig; name = Shared.xcconfig; path = Config/Shared.xcconfig; sourceTree = "<group>"; };
/* End PBXFileReference section */

/* Begin PBXFileSystemSynchronizedRootGroup section */
		AA00000000000000000009 /* Litloft */ = {
			isa = PBXFileSystemSynchronizedRootGroup;
			path = Litloft;
			sourceTree = "<group>";
		};
		AA00000000000000000011 /* LitloftTests */ = {
			isa = PBXFileSystemSynchronizedRootGroup;
			path = LitloftTests;
			sourceTree = "<group>";
		};
/* End PBXFileSystemSynchronizedRootGroup section */

/* Begin PBXFrameworksBuildPhase section */
		AA00000000000000000007 /* Frameworks */ = {
			isa = PBXFrameworksBuildPhase;
			buildActionMask = 2147483647;
			files = (
			);
			runOnlyForDeploymentPostprocessing = 0;
		};
		AA00000000000000000015 /* Frameworks */ = {
			isa = PBXFrameworksBuildPhase;
			buildActionMask = 2147483647;
			files = (
			);
			runOnlyForDeploymentPostprocessing = 0;
		};
/* End PBXFrameworksBuildPhase section */

/* Begin PBXGroup section */
		AA00000000000000000002 = {
			isa = PBXGroup;
			children = (
				AA00000000000000000009 /* Litloft */,
				AA00000000000000000011 /* LitloftTests */,
				AA00000000000000000010 /* Litloft-Info.plist */,
				AA00000000000000000020 /* Shared.xcconfig */,
				AA00000000000000000003 /* Products */,
			);
			sourceTree = "<group>";
		};
		AA00000000000000000003 /* Products */ = {
			isa = PBXGroup;
			children = (
				AA00000000000000000005 /* Litloft.app */,
				AA00000000000000000012 /* LitloftTests.xctest */,
			);
			name = Products;
			sourceTree = "<group>";
		};
/* End PBXGroup section */

/* Begin PBXNativeTarget section */
		AA00000000000000000004 /* Litloft */ = {
			isa = PBXNativeTarget;
			buildConfigurationList = AA0000000000000000000B /* Build configuration list for PBXNativeTarget "Litloft" */;
			buildPhases = (
				AA00000000000000000006 /* Sources */,
				AA00000000000000000007 /* Frameworks */,
				AA00000000000000000008 /* Resources */,
			);
			buildRules = (
			);
			dependencies = (
			);
			fileSystemSynchronizedGroups = (
				AA00000000000000000009 /* Litloft */,
			);
			name = Litloft;
			productName = Litloft;
			productReference = AA00000000000000000005 /* Litloft.app */;
			productType = "com.apple.product-type.application";
		};
		AA00000000000000000013 /* LitloftTests */ = {
			isa = PBXNativeTarget;
			buildConfigurationList = AA00000000000000000019 /* Build configuration list for PBXNativeTarget "LitloftTests" */;
			buildPhases = (
				AA00000000000000000014 /* Sources */,
				AA00000000000000000015 /* Frameworks */,
				AA00000000000000000016 /* Resources */,
			);
			buildRules = (
			);
			dependencies = (
				AA00000000000000000017 /* PBXTargetDependency */,
			);
			fileSystemSynchronizedGroups = (
				AA00000000000000000011 /* LitloftTests */,
			);
			name = LitloftTests;
			productName = LitloftTests;
			productReference = AA00000000000000000012 /* LitloftTests.xctest */;
			productType = "com.apple.product-type.bundle.unit-test";
		};
/* End PBXNativeTarget section */

/* Begin PBXProject section */
		AA00000000000000000001 /* Project object */ = {
			isa = PBXProject;
			attributes = {
				BuildIndependentTargetsInParallel = 1;
				LastSwiftUpdateCheck = 2650;
				LastUpgradeCheck = 2650;
				TargetAttributes = {
					AA00000000000000000004 = {
						CreatedOnToolsVersion = 26.5;
					};
					AA00000000000000000013 = {
						CreatedOnToolsVersion = 26.5;
						TestTargetID = AA00000000000000000004;
					};
				};
			};
			buildConfigurationList = AA0000000000000000000A /* Build configuration list for PBXProject "Litloft" */;
			developmentRegion = en;
			hasScannedForEncodings = 0;
			knownRegions = (
				en,
				Base,
			);
			mainGroup = AA00000000000000000002;
			minimizedProjectReferenceProxies = 1;
			preferredProjectObjectVersion = 77;
			productRefGroup = AA00000000000000000003 /* Products */;
			projectDirPath = "";
			projectRoot = "";
			targets = (
				AA00000000000000000004 /* Litloft */,
				AA00000000000000000013 /* LitloftTests */,
			);
		};
/* End PBXProject section */

/* Begin PBXResourcesBuildPhase section */
		AA00000000000000000008 /* Resources */ = {
			isa = PBXResourcesBuildPhase;
			buildActionMask = 2147483647;
			files = (
			);
			runOnlyForDeploymentPostprocessing = 0;
		};
		AA00000000000000000016 /* Resources */ = {
			isa = PBXResourcesBuildPhase;
			buildActionMask = 2147483647;
			files = (
			);
			runOnlyForDeploymentPostprocessing = 0;
		};
/* End PBXResourcesBuildPhase section */

/* Begin PBXSourcesBuildPhase section */
		AA00000000000000000006 /* Sources */ = {
			isa = PBXSourcesBuildPhase;
			buildActionMask = 2147483647;
			files = (
			);
			runOnlyForDeploymentPostprocessing = 0;
		};
		AA00000000000000000014 /* Sources */ = {
			isa = PBXSourcesBuildPhase;
			buildActionMask = 2147483647;
			files = (
			);
			runOnlyForDeploymentPostprocessing = 0;
		};
/* End PBXSourcesBuildPhase section */

/* Begin PBXTargetDependency section */
		AA00000000000000000017 /* PBXTargetDependency */ = {
			isa = PBXTargetDependency;
			target = AA00000000000000000004 /* Litloft */;
			targetProxy = AA00000000000000000018 /* PBXContainerItemProxy */;
		};
/* End PBXTargetDependency section */

/* Begin XCBuildConfiguration section */
		AA0000000000000000000C /* Debug */ = {
			isa = XCBuildConfiguration;
			baseConfigurationReference = AA00000000000000000020 /* Shared.xcconfig */;
			buildSettings = {
				ALWAYS_SEARCH_USER_PATHS = NO;
				CLANG_ENABLE_OBJC_WEAK = YES;
				COPY_PHASE_STRIP = NO;
				DEBUG_INFORMATION_FORMAT = dwarf;
				ENABLE_STRICT_OBJC_MSGSEND = YES;
				ENABLE_TESTABILITY = YES;
				GCC_OPTIMIZATION_LEVEL = 0;
				GCC_PREPROCESSOR_DEFINITIONS = (
					"DEBUG=1",
					"$(inherited)",
				);
				IPHONEOS_DEPLOYMENT_TARGET = 17.0;
				MTL_ENABLE_DEBUG_INFO = INCLUDE_SOURCE;
				ONLY_ACTIVE_ARCH = YES;
				SDKROOT = iphoneos;
				SWIFT_ACTIVE_COMPILATION_CONDITIONS = "DEBUG $(inherited)";
				SWIFT_OPTIMIZATION_LEVEL = "-Onone";
			};
			name = Debug;
		};
		AA0000000000000000000D /* Release */ = {
			isa = XCBuildConfiguration;
			baseConfigurationReference = AA00000000000000000020 /* Shared.xcconfig */;
			buildSettings = {
				ALWAYS_SEARCH_USER_PATHS = NO;
				CLANG_ENABLE_OBJC_WEAK = YES;
				COPY_PHASE_STRIP = NO;
				DEBUG_INFORMATION_FORMAT = "dwarf-with-dsym";
				ENABLE_NS_ASSERTIONS = NO;
				ENABLE_STRICT_OBJC_MSGSEND = YES;
				IPHONEOS_DEPLOYMENT_TARGET = 17.0;
				MTL_ENABLE_DEBUG_INFO = NO;
				SDKROOT = iphoneos;
				SWIFT_COMPILATION_MODE = wholemodule;
				VALIDATE_PRODUCT = YES;
			};
			name = Release;
		};
		AA0000000000000000000E /* Debug */ = {
			isa = XCBuildConfiguration;
			buildSettings = {
				ASSETCATALOG_COMPILER_GENERATE_ASSET_SYMBOLS = NO;
				CODE_SIGN_STYLE = Automatic;
				CURRENT_PROJECT_VERSION = 1;
				DEVELOPMENT_TEAM = "$(LITLOFT_DEVELOPMENT_TEAM)";
				ENABLE_PREVIEWS = YES;
				GENERATE_INFOPLIST_FILE = YES;
				INFOPLIST_FILE = "Litloft-Info.plist";
				INFOPLIST_KEY_NSLocalNetworkUsageDescription = "Litloft connects to your Litloft server on this network.";
				INFOPLIST_KEY_UIApplicationSceneManifest_Generation = YES;
				INFOPLIST_KEY_UILaunchScreen_Generation = YES;
				INFOPLIST_KEY_UISupportedInterfaceOrientations_iPhone = "UIInterfaceOrientationPortrait UIInterfaceOrientationLandscapeLeft UIInterfaceOrientationLandscapeRight";
				LD_RUNPATH_SEARCH_PATHS = (
					"$(inherited)",
					"@executable_path/Frameworks",
				);
				MARKETING_VERSION = 0.1.0;
				PRODUCT_BUNDLE_IDENTIFIER = "$(LITLOFT_BUNDLE_ID)";
				PRODUCT_NAME = "$(TARGET_NAME)";
				SWIFT_EMIT_LOC_STRINGS = YES;
				SWIFT_VERSION = 6.0;
				TARGETED_DEVICE_FAMILY = "1,2";
			};
			name = Debug;
		};
		AA0000000000000000000F /* Release */ = {
			isa = XCBuildConfiguration;
			buildSettings = {
				ASSETCATALOG_COMPILER_GENERATE_ASSET_SYMBOLS = NO;
				CODE_SIGN_STYLE = Automatic;
				CURRENT_PROJECT_VERSION = 1;
				DEVELOPMENT_TEAM = "$(LITLOFT_DEVELOPMENT_TEAM)";
				ENABLE_PREVIEWS = YES;
				GENERATE_INFOPLIST_FILE = YES;
				INFOPLIST_FILE = "Litloft-Info.plist";
				INFOPLIST_KEY_NSLocalNetworkUsageDescription = "Litloft connects to your Litloft server on this network.";
				INFOPLIST_KEY_UIApplicationSceneManifest_Generation = YES;
				INFOPLIST_KEY_UILaunchScreen_Generation = YES;
				INFOPLIST_KEY_UISupportedInterfaceOrientations_iPhone = "UIInterfaceOrientationPortrait UIInterfaceOrientationLandscapeLeft UIInterfaceOrientationLandscapeRight";
				LD_RUNPATH_SEARCH_PATHS = (
					"$(inherited)",
					"@executable_path/Frameworks",
				);
				MARKETING_VERSION = 0.1.0;
				PRODUCT_BUNDLE_IDENTIFIER = "$(LITLOFT_BUNDLE_ID)";
				PRODUCT_NAME = "$(TARGET_NAME)";
				SWIFT_EMIT_LOC_STRINGS = YES;
				SWIFT_VERSION = 6.0;
				TARGETED_DEVICE_FAMILY = "1,2";
			};
			name = Release;
		};
		AA0000000000000000001A /* Debug */ = {
			isa = XCBuildConfiguration;
			buildSettings = {
				BUNDLE_LOADER = "$(TEST_HOST)";
				CODE_SIGN_STYLE = Automatic;
				CURRENT_PROJECT_VERSION = 1;
				GENERATE_INFOPLIST_FILE = YES;
				MARKETING_VERSION = 0.1.0;
				PRODUCT_BUNDLE_IDENTIFIER = "$(LITLOFT_BUNDLE_ID).Tests";
				PRODUCT_NAME = "$(TARGET_NAME)";
				SWIFT_VERSION = 6.0;
				TARGETED_DEVICE_FAMILY = "1,2";
				TEST_HOST = "$(BUILT_PRODUCTS_DIR)/Litloft.app/$(BUNDLE_EXECUTABLE_FOLDER_PATH)/Litloft";
			};
			name = Debug;
		};
		AA0000000000000000001B /* Release */ = {
			isa = XCBuildConfiguration;
			buildSettings = {
				BUNDLE_LOADER = "$(TEST_HOST)";
				CODE_SIGN_STYLE = Automatic;
				CURRENT_PROJECT_VERSION = 1;
				GENERATE_INFOPLIST_FILE = YES;
				MARKETING_VERSION = 0.1.0;
				PRODUCT_BUNDLE_IDENTIFIER = "$(LITLOFT_BUNDLE_ID).Tests";
				PRODUCT_NAME = "$(TARGET_NAME)";
				SWIFT_VERSION = 6.0;
				TARGETED_DEVICE_FAMILY = "1,2";
				TEST_HOST = "$(BUILT_PRODUCTS_DIR)/Litloft.app/$(BUNDLE_EXECUTABLE_FOLDER_PATH)/Litloft";
			};
			name = Release;
		};
/* End XCBuildConfiguration section */

/* Begin XCConfigurationList section */
		AA0000000000000000000A /* Build configuration list for PBXProject "Litloft" */ = {
			isa = XCConfigurationList;
			buildConfigurations = (
				AA0000000000000000000C /* Debug */,
				AA0000000000000000000D /* Release */,
			);
			defaultConfigurationIsVisible = 0;
			defaultConfigurationName = Release;
		};
		AA0000000000000000000B /* Build configuration list for PBXNativeTarget "Litloft" */ = {
			isa = XCConfigurationList;
			buildConfigurations = (
				AA0000000000000000000E /* Debug */,
				AA0000000000000000000F /* Release */,
			);
			defaultConfigurationIsVisible = 0;
			defaultConfigurationName = Release;
		};
		AA00000000000000000019 /* Build configuration list for PBXNativeTarget "LitloftTests" */ = {
			isa = XCConfigurationList;
			buildConfigurations = (
				AA0000000000000000001A /* Debug */,
				AA0000000000000000001B /* Release */,
			);
			defaultConfigurationIsVisible = 0;
			defaultConfigurationName = Release;
		};
/* End XCConfigurationList section */
	};
	rootObject = AA00000000000000000001 /* Project object */;
}
